
Microsoft Visual Studio Solution File, Format Version 12.00
# Visual Studio Version 16
VisualStudioVersion = 16.0.29001.49
MinimumVisualStudioVersion = 10.0.40219.1
Project("{FAE04EC0-301F-11D3-BF4B-00C04F79EFBC}") = "Project1", "Project1\Project1.csproj", "{27E2A8C7-7A51-4A91-A66E-A70530A5D87B}"
EndProject
Project("{FAE04EC0-301F-11D3-BF4B-00C04F79EFBC}") = "Finance", "Finance\Finance.csproj", "{5AF4E091-B445-4DCD-A344-7FDB2657CD15}"
EndProject
Project("{FAE04EC0-301F-11D3-BF4B-00C04F79EFBC}") = "Project2", "Project2\Project2.csproj", "{8BBFE6B9-7FEC-4613-B6E5-D2B4D9020116}"
EndProject
Global
	GlobalSection(SolutionConfigurationPlatforms) = preSolution
		Debug|Any CPU = Debug|Any CPU
		Release|Any CPU = Release|Any CPU
	EndGlobalSection
	GlobalSection(ProjectConfigurationPlatforms) = postSolution
		{27E2A8C7-7A51-4A91-A66E-A70530A5D87B}.Debug|Any CPU.ActiveCfg = Debug|Any CPU
		{27E2A8C7-7A51-4A91-A66E-A70530A5D87B}.Debug|Any CPU.Build.0 = Debug|Any CPU
		{27E2A8C7-7A51-4A91-A66E-A70530A5D87B}.Release|Any CPU.ActiveCfg = Release|Any CPU
		{27E2A8C7-7A51-4A91-A66E-A70530A5D87B}.Release|Any CPU.Build.0 = Release|Any CPU
		{5AF4E091-B445-4DCD-A344-7FDB2657CD15}.Debug|Any CPU.ActiveCfg = Debug|Any CPU
		{5AF4E091-B445-4DCD-A344-7FDB2657CD15}.Debug|Any CPU.Build.0 = Debug|Any CPU
		{5AF4E091-B445-4DCD-A344-7FDB2657CD15}.Release|Any CPU.ActiveCfg = Release|Any CPU
		{5AF4E091-B445-4DCD-A344-7FDB2657CD15}.Release|Any CPU.Build.0 = Release|Any CPU
		{8BBFE6B9-7FEC-4613-B6E5-D2B4D9020116}.Debug|Any CPU.ActiveCfg = Debug|Any CPU
		{8BBFE6B9-7FEC-4613-B6E5-D2B4D9020116}.Debug|Any CPU.Build.0 = Debug|Any CPU
		{8BBFE6B9-7FEC-4613-B6E5-D2B4D9020116}.Release|Any CPU.ActiveCfg = Release|Any CPU
		{8BBFE6B9-7FEC-4613-B6E5-D2B4D9020116}.Release|Any CPU.Build.0 = Release|Any CPU
	EndGlobalSection
	GlobalSection(SolutionProperties) = preSolution
		HideSolutionNode = FALSE
	EndGlobalSection
	GlobalSection(ExtensibilityGlobals) = postSolution
		SolutionGuid = {D68BA6C4-1660-456D-B9BD-822CECB62D32}
	EndGlobalSection
EndGlobal
